
Microsoft Visual Studio Solution File, Format Version 12.00
# Visual Studio Version 17
VisualStudioVersion = 17.8.34330.188
MinimumVisualStudioVersion = 10.0.40219.1
Project("{FAE04EC0-301F-11D3-BF4B-00C04F79EFBC}") = "xUnitLearn", "xUnitLearn\xUnitLearn.csproj", "{D6F920D4-F340-4BA3-94A4-8C54C7D6B849}"
EndProject
Project("{FAE04EC0-301F-11D3-BF4B-00C04F79EFBC}") = "SampleApplication", "SampleApplication\SampleApplication.csproj", "{F985C5D0-7B37-4212-8A0C-54FDBD8045D4}"
EndProject
Global
	GlobalSection(SolutionConfigurationPlatforms) = preSolution
		Debug|Any CPU = Debug|Any CPU
		Release|Any CPU = Release|Any CPU
	EndGlobalSection
	GlobalSection(ProjectConfigurationPlatforms) = postSolution
		{D6F920D4-F340-4BA3-94A4-8C54C7D6B849}.Debug|Any CPU.ActiveCfg = Debug|Any CPU
		{D6F920D4-F340-4BA3-94A4-8C54C7D6B849}.Debug|Any CPU.Build.0 = Debug|Any CPU
		{D6F920D4-F340-4BA3-94A4-8C54C7D6B849}.Release|Any CPU.ActiveCfg = Release|Any CPU
		{D6F920D4-F340-4BA3-94A4-8C54C7D6B849}.Release|Any CPU.Build.0 = Release|Any CPU
		{F985C5D0-7B37-4212-8A0C-54FDBD8045D4}.Debug|Any CPU.ActiveCfg = Debug|Any CPU
		{F985C5D0-7B37-4212-8A0C-54FDBD8045D4}.Debug|Any CPU.Build.0 = Debug|Any CPU
		{F985C5D0-7B37-4212-8A0C-54FDBD8045D4}.Release|Any CPU.ActiveCfg = Release|Any CPU
		{F985C5D0-7B37-4212-8A0C-54FDBD8045D4}.Release|Any CPU.Build.0 = Release|Any CPU
	EndGlobalSection
	GlobalSection(SolutionProperties) = preSolution
		HideSolutionNode = FALSE
	EndGlobalSection
	GlobalSection(ExtensibilityGlobals) = postSolution
		SolutionGuid = {FC08F2FF-8E7F-4A15-9DCC-3D3F6D378174}
	EndGlobalSection
EndGlobal
